
Microsoft Visual Studio Solution File, Format Version 12.00
# Visual Studio 2012
Project("{FAE04EC0-301F-11D3-BF4B-00C04F79EFBC}") = "Practica", "Practica\Practica.csproj", "{F56CDD6A-D36C-4914-805E-66254F70DBAE}"
EndProject
Global
	GlobalSection(SolutionConfigurationPlatforms) = preSolution
		Debug|Any CPU = Debug|Any CPU
		Release|Any CPU = Release|Any CPU
	EndGlobalSection
	GlobalSection(ProjectConfigurationPlatforms) = postSolution
		{F56CDD6A-D36C-4914-805E-66254F70DBAE}.Debug|Any CPU.ActiveCfg = Debug|Any CPU
		{F56CDD6A-D36C-4914-805E-66254F70DBAE}.Debug|Any CPU.Build.0 = Debug|Any CPU
		{F56CDD6A-D36C-4914-805E-66254F70DBAE}.Release|Any CPU.ActiveCfg = Release|Any CPU
		{F56CDD6A-D36C-4914-805E-66254F70DBAE}.Release|Any CPU.Build.0 = Release|Any CPU
	EndGlobalSection
	GlobalSection(SolutionProperties) = preSolution
		HideSolutionNode = FALSE
	EndGlobalSection
EndGlobal
